{
  "lockfile_version": "1",
  "packages": {
    "nodejs@20": {
      "last_modified": "2024-05-12T16:19:40Z",
      "plugin_version": "0.0.2",
      "resolved": "github:NixOS/nixpkgs/3281bec7174f679eabf584591e75979a258d8c40#nodejs_20",
      "source": "devbox-search",
      "version": "20.12.2",
      "systems": {
        "aarch64-darwin": {
          "outputs": [
            {
              "name": "out",
              "path": "/nix/store/qnad9nblfmfrk3i95aaj2g26sqvj04bx-nodejs-20.12.2",
              "default": true
            },
            {
              "name": "libv8",
              "path": "/nix/store/gd9j7m7qnn6mc9kyz5vyjwxdv6jc1m52-nodejs-20.12.2-libv8"
            }
          ],
          "store_path": "/nix/store/qnad9nblfmfrk3i95aaj2g26sqvj04bx-nodejs-20.12.2"
        },
        "aarch64-linux": {
          "outputs": [
            {
              "name": "out",
              "path": "/nix/store/0m2lvvj6mfy6nc20xxi2h4i9vq4mhrc5-nodejs-20.12.2",
              "default": true
            },
            {
              "name": "libv8",
              "path": "/nix/store/1bdff84bf4rrmrb6wvnpbmwyz8jxqzkv-nodejs-20.12.2-libv8"
            }
          ],
          "store_path": "/nix/store/0m2lvvj6mfy6nc20xxi2h4i9vq4mhrc5-nodejs-20.12.2"
        },
        "x86_64-darwin": {
          "outputs": [
            {
              "name": "out",
              "path": "/nix/store/0z5dldhd471czbl2zc1cjhz29x5jg0di-nodejs-20.12.2",
              "default": true
            },
            {
              "name": "libv8",
              "path": "/nix/store/z8yav85278cnx6v0vd58w1a7bym1izic-nodejs-20.12.2-libv8"
            }
          ],
          "store_path": "/nix/store/0z5dldhd471czbl2zc1cjhz29x5jg0di-nodejs-20.12.2"
        },
        "x86_64-linux": {
          "outputs": [
            {
              "name": "out",
              "path": "/nix/store/7g98q0w4ymrfwv6f543l45f71p383pll-nodejs-20.12.2",
              "default": true
            },
            {
              "name": "libv8",
              "path": "/nix/store/r5q1lh0fr5vkzqx5gnkkm8c5bgakg04q-nodejs-20.12.2-libv8"
            }
          ],
          "store_path": "/nix/store/7g98q0w4ymrfwv6f543l45f71p383pll-nodejs-20.12.2"
        }
      }
    }
  }
}
